
Microsoft Visual Studio Solution File, Format Version 12.00
# Visual Studio Version 16
VisualStudioVersion = 16.0.29519.181
MinimumVisualStudioVersion = 10.0.40219.1
Project("{FAE04EC0-301F-11D3-BF4B-00C04F79EFBC}") = "Test", "Test\Test.csproj", "{63A10F74-6FA9-4FAC-B87A-47F090650B7C}"
EndProject
Global
	GlobalSection(SolutionConfigurationPlatforms) = preSolution
		Debug|Any CPU = Debug|Any CPU
		Release|Any CPU = Release|Any CPU
	EndGlobalSection
	GlobalSection(ProjectConfigurationPlatforms) = postSolution
		{63A10F74-6FA9-4FAC-B87A-47F090650B7C}.Debug|Any CPU.ActiveCfg = Debug|Any CPU
		{63A10F74-6FA9-4FAC-B87A-47F090650B7C}.Debug|Any CPU.Build.0 = Debug|Any CPU
		{63A10F74-6FA9-4FAC-B87A-47F090650B7C}.Release|Any CPU.ActiveCfg = Release|Any CPU
		{63A10F74-6FA9-4FAC-B87A-47F090650B7C}.Release|Any CPU.Build.0 = Release|Any CPU
	EndGlobalSection
	GlobalSection(SolutionProperties) = preSolution
		HideSolutionNode = FALSE
	EndGlobalSection
	GlobalSection(ExtensibilityGlobals) = postSolution
		SolutionGuid = {AAE58381-F73F-4AD5-A048-893CE4996F19}
	EndGlobalSection
EndGlobal
